// !$*UTF8*$!
{
	archiveVersion = 1;
	classes = {
	};
	objectVersion = 46;
	objects = {

/* Begin PBXBuildFile section */
		64D1A31E1CDA94AD008A7FB2 /* AppDelegate.swift in Sources */ = {isa = PBXBuildFile; fileRef = 64D1A31D1CDA94AD008A7FB2 /* AppDelegate.swift */; };
		64D1A3201CDA94AD008A7FB2 /* ViewController.swift in Sources */ = {isa = PBXBuildFile; fileRef = 64D1A31F1CDA94AD008A7FB2 /* ViewController.swift */; };
		64D1A3231CDA94AD008A7FB2 /* Main.storyboard in Resources */ = {isa = PBXBuildFile; fileRef = 64D1A3211CDA94AD008A7FB2 /* Main.storyboard */; };
		64D1A3251CDA94AD008A7FB2 /* Assets.xcassets in Resources */ = {isa = PBXBuildFile; fileRef = 64D1A3241CDA94AD008A7FB2 /* Assets.xcassets */; };
		64D1A3281CDA94AD008A7FB2 /* LaunchScreen.storyboard in Resources */ = {isa = PBXBuildFile; fileRef = 64D1A3261CDA94AD008A7FB2 /* LaunchScreen.storyboard */; };
		64D1A3331CDA94AD008A7FB2 /* SimpleWeatherTests.swift in Sources */ = {isa = PBXBuildFile; fileRef = 64D1A3321CDA94AD008A7FB2 /* SimpleWeatherTests.swift */; };
		64D1A33E1CDA94AD008A7FB2 /* SimpleWeatherUITests.swift in Sources */ = {isa = PBXBuildFile; fileRef = 64D1A33D1CDA94AD008A7FB2 /* SimpleWeatherUITests.swift */; };
		64E987A81CE23DE400A1CD2B /* futuralt-condensedlight-opentype.otf in Resources */ = {isa = PBXBuildFile; fileRef = 64E987A71CE23DE400A1CD2B /* futuralt-condensedlight-opentype.otf */; };
		64E987AA1CE23F1200A1CD2B /* futuralt-extrabold-opentype.otf in Resources */ = {isa = PBXBuildFile; fileRef = 64E987A91CE23F1200A1CD2B /* futuralt-extrabold-opentype.otf */; };
		64E987AC1CE23FEB00A1CD2B /* ufonts.com_futuralt-book-opentype.otf in Resources */ = {isa = PBXBuildFile; fileRef = 64E987AB1CE23FEB00A1CD2B /* ufonts.com_futuralt-book-opentype.otf */; };
		64E987AE1CE241A100A1CD2B /* ufonts.com_futuralt-condensedextrabold-opentype.otf in Resources */ = {isa = PBXBuildFile; fileRef = 64E987AD1CE241A100A1CD2B /* ufonts.com_futuralt-condensedextrabold-opentype.otf */; };
		9E79A36D1CDEDA9000A5C984 /* cityName.swift in Sources */ = {isa = PBXBuildFile; fileRef = 9E79A36C1CDEDA9000A5C984 /* cityName.swift */; };
		9E79A36F1CDEDD0E00A5C984 /* mainWeather.swift in Sources */ = {isa = PBXBuildFile; fileRef = 9E79A36E1CDEDD0E00A5C984 /* mainWeather.swift */; };
		9E79A3711CDEE1A700A5C984 /* Rain.swift in Sources */ = {isa = PBXBuildFile; fileRef = 9E79A3701CDEE1A700A5C984 /* Rain.swift */; };
/* End PBXBuildFile section */

/* Begin PBXContainerItemProxy section */
		64D1A32F1CDA94AD008A7FB2 /* PBXContainerItemProxy */ = {
			isa = PBXContainerItemProxy;
			containerPortal = 64D1A3121CDA94AD008A7FB2 /* Project object */;
			proxyType = 1;
			remoteGlobalIDString = 64D1A3191CDA94AD008A7FB2;
			remoteInfo = SimpleWeather;
		};
		64D1A33A1CDA94AD008A7FB2 /* PBXContainerItemProxy */ = {
			isa = PBXContainerItemProxy;
			containerPortal = 64D1A3121CDA94AD008A7FB2 /* Project object */;
			proxyType = 1;
			remoteGlobalIDString = 64D1A3191CDA94AD008A7FB2;
			remoteInfo = SimpleWeather;
		};
/* End PBXContainerItemProxy section */

/* Begin PBXFileReference section */
		64D1A31A1CDA94AD008A7FB2 /* SimpleWeather.app */ = {isa = PBXFileReference; explicitFileType = wrapper.application; includeInIndex = 0; path = SimpleWeather.app; sourceTree = BUILT_PRODUCTS_DIR; };
		64D1A31D1CDA94AD008A7FB2 /* AppDelegate.swift */ = {isa = PBXFileReference; lastKnownFileType = sourcecode.swift; path = AppDelegate.swift; sourceTree = "<group>"; };
		64D1A31F1CDA94AD008A7FB2 /* ViewController.swift */ = {isa = PBXFileReference; lastKnownFileType = sourcecode.swift; path = ViewController.swift; sourceTree = "<group>"; };
		64D1A3221CDA94AD008A7FB2 /* Base */ = {isa = PBXFileReference; lastKnownFileType = file.storyboard; name = Base; path = Base.lproj/Main.storyboard; sourceTree = "<group>"; };
		64D1A3241CDA94AD008A7FB2 /* Assets.xcassets */ = {isa = PBXFileReference; lastKnownFileType = folder.assetcatalog; path = Assets.xcassets; sourceTree = "<group>"; };
		64D1A3271CDA94AD008A7FB2 /* Base */ = {isa = PBXFileReference; lastKnownFileType = file.storyboard; name = Base; path = Base.lproj/LaunchScreen.storyboard; sourceTree = "<group>"; };
		64D1A3291CDA94AD008A7FB2 /* Info.plist */ = {isa = PBXFileReference; lastKnownFileType = text.plist.xml; path = Info.plist; sourceTree = "<group>"; };
		64D1A32E1CDA94AD008A7FB2 /* SimpleWeatherTests.xctest */ = {isa = PBXFileReference; explicitFileType = wrapper.cfbundle; includeInIndex = 0; path = SimpleWeatherTests.xctest; sourceTree = BUILT_PRODUCTS_DIR; };
		64D1A3321CDA94AD008A7FB2 /* SimpleWeatherTests.swift */ = {isa = PBXFileReference; lastKnownFileType = sourcecode.swift; path = SimpleWeatherTests.swift; sourceTree = "<group>"; };
		64D1A3341CDA94AD008A7FB2 /* Info.plist */ = {isa = PBXFileReference; lastKnownFileType = text.plist.xml; path = Info.plist; sourceTree = "<group>"; };
		64D1A3391CDA94AD008A7FB2 /* SimpleWeatherUITests.xctest */ = {isa = PBXFileReference; explicitFileType = wrapper.cfbundle; includeInIndex = 0; path = SimpleWeatherUITests.xctest; sourceTree = BUILT_PRODUCTS_DIR; };
		64D1A33D1CDA94AD008A7FB2 /* SimpleWeatherUITests.swift */ = {isa = PBXFileReference; lastKnownFileType = sourcecode.swift; path = SimpleWeatherUITests.swift; sourceTree = "<group>"; };
		64D1A33F1CDA94AD008A7FB2 /* Info.plist */ = {isa = PBXFileReference; lastKnownFileType = text.plist.xml; path = Info.plist; sourceTree = "<group>"; };
		64E987A71CE23DE400A1CD2B /* futuralt-condensedlight-opentype.otf */ = {isa = PBXFileReference; lastKnownFileType = file; path = "futuralt-condensedlight-opentype.otf"; sourceTree = "<group>"; };
		64E987A91CE23F1200A1CD2B /* futuralt-extrabold-opentype.otf */ = {isa = PBXFileReference; lastKnownFileType = file; path = "futuralt-extrabold-opentype.otf"; sourceTree = "<group>"; };
		64E987AB1CE23FEB00A1CD2B /* ufonts.com_futuralt-book-opentype.otf */ = {isa = PBXFileReference; lastKnownFileType = file; path = "ufonts.com_futuralt-book-opentype.otf"; sourceTree = "<group>"; };
		64E987AD1CE241A100A1CD2B /* ufonts.com_futuralt-condensedextrabold-opentype.otf */ = {isa = PBXFileReference; lastKnownFileType = file; path = "ufonts.com_futuralt-condensedextrabold-opentype.otf"; sourceTree = "<group>"; };
		9E79A36C1CDEDA9000A5C984 /* cityName.swift */ = {isa = PBXFileReference; fileEncoding = 4; lastKnownFileType = sourcecode.swift; path = cityName.swift; sourceTree = "<group>"; };
		9E79A36E1CDEDD0E00A5C984 /* mainWeather.swift */ = {isa = PBXFileReference; fileEncoding = 4; lastKnownFileType = sourcecode.swift; path = mainWeather.swift; sourceTree = "<group>"; };
		9E79A3701CDEE1A700A5C984 /* Rain.swift */ = {isa = PBXFileReference; fileEncoding = 4; lastKnownFileType = sourcecode.swift; path = Rain.swift; sourceTree = "<group>"; };
/* End PBXFileReference section */

/* Begin PBXFrameworksBuildPhase section */
		64D1A3171CDA94AD008A7FB2 /* Frameworks */ = {
			isa = PBXFrameworksBuildPhase;
			buildActionMask = 2147483647;
			files = (
			);
			runOnlyForDeploymentPostprocessing = 0;
		};
		64D1A32B1CDA94AD008A7FB2 /* Frameworks */ = {
			isa = PBXFrameworksBuildPhase;
			buildActionMask = 2147483647;
			files = (
			);
			runOnlyForDeploymentPostprocessing = 0;
		};
		64D1A3361CDA94AD008A7FB2 /* Frameworks */ = {
			isa = PBXFrameworksBuildPhase;
			buildActionMask = 2147483647;
			files = (
			);
			runOnlyForDeploymentPostprocessing = 0;
		};
/* End PBXFrameworksBuildPhase section */

/* Begin PBXGroup section */
		64D1A3111CDA94AD008A7FB2 = {
			isa = PBXGroup;
			children = (
				64D1A31C1CDA94AD008A7FB2 /* SimpleWeather */,
				64D1A3311CDA94AD008A7FB2 /* SimpleWeatherTests */,
				64D1A33C1CDA94AD008A7FB2 /* SimpleWeatherUITests */,
				64D1A31B1CDA94AD008A7FB2 /* Products */,
			);
			sourceTree = "<group>";
		};
		64D1A31B1CDA94AD008A7FB2 /* Products */ = {
			isa = PBXGroup;
			children = (
				64D1A31A1CDA94AD008A7FB2 /* SimpleWeather.app */,
				64D1A32E1CDA94AD008A7FB2 /* SimpleWeatherTests.xctest */,
				64D1A3391CDA94AD008A7FB2 /* SimpleWeatherUITests.xctest */,
			);
			name = Products;
			sourceTree = "<group>";
		};
		64D1A31C1CDA94AD008A7FB2 /* SimpleWeather */ = {
			isa = PBXGroup;
			children = (
				64E987AD1CE241A100A1CD2B /* ufonts.com_futuralt-condensedextrabold-opentype.otf */,
				64E987AB1CE23FEB00A1CD2B /* ufonts.com_futuralt-book-opentype.otf */,
				64E987A91CE23F1200A1CD2B /* futuralt-extrabold-opentype.otf */,
				64E987A71CE23DE400A1CD2B /* futuralt-condensedlight-opentype.otf */,
				64D1A31D1CDA94AD008A7FB2 /* AppDelegate.swift */,
				64D1A31F1CDA94AD008A7FB2 /* ViewController.swift */,
				9E79A3701CDEE1A700A5C984 /* Rain.swift */,
				9E79A36C1CDEDA9000A5C984 /* cityName.swift */,
				9E79A36E1CDEDD0E00A5C984 /* mainWeather.swift */,
				64D1A3211CDA94AD008A7FB2 /* Main.storyboard */,
				64D1A3241CDA94AD008A7FB2 /* Assets.xcassets */,
				64D1A3261CDA94AD008A7FB2 /* LaunchScreen.storyboard */,
				64D1A3291CDA94AD008A7FB2 /* Info.plist */,
			);
			path = SimpleWeather;
			sourceTree = "<group>";
		};
		64D1A3311CDA94AD008A7FB2 /* SimpleWeatherTests */ = {
			isa = PBXGroup;
			children = (
				64D1A3321CDA94AD008A7FB2 /* SimpleWeatherTests.swift */,
				64D1A3341CDA94AD008A7FB2 /* Info.plist */,
			);
			path = SimpleWeatherTests;
			sourceTree = "<group>";
		};
		64D1A33C1CDA94AD008A7FB2 /* SimpleWeatherUITests */ = {
			isa = PBXGroup;
			children = (
				64D1A33D1CDA94AD008A7FB2 /* SimpleWeatherUITests.swift */,
				64D1A33F1CDA94AD008A7FB2 /* Info.plist */,
			);
			path = SimpleWeatherUITests;
			sourceTree = "<group>";
		};
/* End PBXGroup section */

/* Begin PBXNativeTarget section */
		64D1A3191CDA94AD008A7FB2 /* SimpleWeather */ = {
			isa = PBXNativeTarget;
			buildConfigurationList = 64D1A3421CDA94AD008A7FB2 /* Build configuration list for PBXNativeTarget "SimpleWeather" */;
			buildPhases = (
				64D1A3161CDA94AD008A7FB2 /* Sources */,
				64D1A3171CDA94AD008A7FB2 /* Frameworks */,
				64D1A3181CDA94AD008A7FB2 /* Resources */,
			);
			buildRules = (
			);
			dependencies = (
			);
			name = SimpleWeather;
			productName = SimpleWeather;
			productReference = 64D1A31A1CDA94AD008A7FB2 /* SimpleWeather.app */;
			productType = "com.apple.product-type.application";
		};
		64D1A32D1CDA94AD008A7FB2 /* SimpleWeatherTests */ = {
			isa = PBXNativeTarget;
			buildConfigurationList = 64D1A3451CDA94AD008A7FB2 /* Build configuration list for PBXNativeTarget "SimpleWeatherTests" */;
			buildPhases = (
				64D1A32A1CDA94AD008A7FB2 /* Sources */,
				64D1A32B1CDA94AD008A7FB2 /* Frameworks */,
				64D1A32C1CDA94AD008A7FB2 /* Resources */,
			);
			buildRules = (
			);
			dependencies = (
				64D1A3301CDA94AD008A7FB2 /* PBXTargetDependency */,
			);
			name = SimpleWeatherTests;
			productName = SimpleWeatherTests;
			productReference = 64D1A32E1CDA94AD008A7FB2 /* SimpleWeatherTests.xctest */;
			productType = "com.apple.product-type.bundle.unit-test";
		};
		64D1A3381CDA94AD008A7FB2 /* SimpleWeatherUITests */ = {
			isa = PBXNativeTarget;
			buildConfigurationList = 64D1A3481CDA94AD008A7FB2 /* Build configuration list for PBXNativeTarget "SimpleWeatherUITests" */;
			buildPhases = (
				64D1A3351CDA94AD008A7FB2 /* Sources */,
				64D1A3361CDA94AD008A7FB2 /* Frameworks */,
				64D1A3371CDA94AD008A7FB2 /* Resources */,
			);
			buildRules = (
			);
			dependencies = (
				64D1A33B1CDA94AD008A7FB2 /* PBXTargetDependency */,
			);
			name = SimpleWeatherUITests;
			productName = SimpleWeatherUITests;
			productReference = 64D1A3391CDA94AD008A7FB2 /* SimpleWeatherUITests.xctest */;
			productType = "com.apple.product-type.bundle.ui-testing";
		};
/* End PBXNativeTarget section */

/* Begin PBXProject section */
		64D1A3121CDA94AD008A7FB2 /* Project object */ = {
			isa = PBXProject;
			attributes = {
				LastSwiftUpdateCheck = 0730;
				LastUpgradeCheck = 0730;
				ORGANIZATIONNAME = Svidal;
				TargetAttributes = {
					64D1A3191CDA94AD008A7FB2 = {
						CreatedOnToolsVersion = 7.3;
					};
					64D1A32D1CDA94AD008A7FB2 = {
						CreatedOnToolsVersion = 7.3;
						TestTargetID = 64D1A3191CDA94AD008A7FB2;
					};
					64D1A3381CDA94AD008A7FB2 = {
						CreatedOnToolsVersion = 7.3;
						TestTargetID = 64D1A3191CDA94AD008A7FB2;
					};
				};
			};
			buildConfigurationList = 64D1A3151CDA94AD008A7FB2 /* Build configuration list for PBXProject "SimpleWeather" */;
			compatibilityVersion = "Xcode 3.2";
			developmentRegion = English;
			hasScannedForEncodings = 0;
			knownRegions = (
				en,
				Base,
			);
			mainGroup = 64D1A3111CDA94AD008A7FB2;
			productRefGroup = 64D1A31B1CDA94AD008A7FB2 /* Products */;
			projectDirPath = "";
			projectRoot = "";
			targets = (
				64D1A3191CDA94AD008A7FB2 /* SimpleWeather */,
				64D1A32D1CDA94AD008A7FB2 /* SimpleWeatherTests */,
				64D1A3381CDA94AD008A7FB2 /* SimpleWeatherUITests */,
			);
		};
/* End PBXProject section */

/* Begin PBXResourcesBuildPhase section */
		64D1A3181CDA94AD008A7FB2 /* Resources */ = {
			isa = PBXResourcesBuildPhase;
			buildActionMask = 2147483647;
			files = (
				64D1A3281CDA94AD008A7FB2 /* LaunchScreen.storyboard in Resources */,
				64D1A3251CDA94AD008A7FB2 /* Assets.xcassets in Resources */,
				64E987AE1CE241A100A1CD2B /* ufonts.com_futuralt-condensedextrabold-opentype.otf in Resources */,
				64D1A3231CDA94AD008A7FB2 /* Main.storyboard in Resources */,
				64E987AC1CE23FEB00A1CD2B /* ufonts.com_futuralt-book-opentype.otf in Resources */,
				64E987AA1CE23F1200A1CD2B /* futuralt-extrabold-opentype.otf in Resources */,
				64E987A81CE23DE400A1CD2B /* futuralt-condensedlight-opentype.otf in Resources */,
			);
			runOnlyForDeploymentPostprocessing = 0;
		};
		64D1A32C1CDA94AD008A7FB2 /* Resources */ = {
			isa = PBXResourcesBuildPhase;
			buildActionMask = 2147483647;
			files = (
			);
			runOnlyForDeploymentPostprocessing = 0;
		};
		64D1A3371CDA94AD008A7FB2 /* Resources */ = {
			isa = PBXResourcesBuildPhase;
			buildActionMask = 2147483647;
			files = (
			);
			runOnlyForDeploymentPostprocessing = 0;
		};
/* End PBXResourcesBuildPhase section */

/* Begin PBXSourcesBuildPhase section */
		64D1A3161CDA94AD008A7FB2 /* Sources */ = {
			isa = PBXSourcesBuildPhase;
			buildActionMask = 2147483647;
			files = (
				64D1A3201CDA94AD008A7FB2 /* ViewController.swift in Sources */,
				9E79A36F1CDEDD0E00A5C984 /* mainWeather.swift in Sources */,
				9E79A36D1CDEDA9000A5C984 /* cityName.swift in Sources */,
				9E79A3711CDEE1A700A5C984 /* Rain.swift in Sources */,
				64D1A31E1CDA94AD008A7FB2 /* AppDelegate.swift in Sources */,
			);
			runOnlyForDeploymentPostprocessing = 0;
		};
		64D1A32A1CDA94AD008A7FB2 /* Sources */ = {
			isa = PBXSourcesBuildPhase;
			buildActionMask = 2147483647;
			files = (
				64D1A3331CDA94AD008A7FB2 /* SimpleWeatherTests.swift in Sources */,
			);
			runOnlyForDeploymentPostprocessing = 0;
		};
		64D1A3351CDA94AD008A7FB2 /* Sources */ = {
			isa = PBXSourcesBuildPhase;
			buildActionMask = 2147483647;
			files = (
				64D1A33E1CDA94AD008A7FB2 /* SimpleWeatherUITests.swift in Sources */,
			);
			runOnlyForDeploymentPostprocessing = 0;
		};
/* End PBXSourcesBuildPhase section */

/* Begin PBXTargetDependency section */
		64D1A3301CDA94AD008A7FB2 /* PBXTargetDependency */ = {
			isa = PBXTargetDependency;
			target = 64D1A3191CDA94AD008A7FB2 /* SimpleWeather */;
			targetProxy = 64D1A32F1CDA94AD008A7FB2 /* PBXContainerItemProxy */;
		};
		64D1A33B1CDA94AD008A7FB2 /* PBXTargetDependency */ = {
			isa = PBXTargetDependency;
			target = 64D1A3191CDA94AD008A7FB2 /* SimpleWeather */;
			targetProxy = 64D1A33A1CDA94AD008A7FB2 /* PBXContainerItemProxy */;
		};
/* End PBXTargetDependency section */

/* Begin PBXVariantGroup section */
		64D1A3211CDA94AD008A7FB2 /* Main.storyboard */ = {
			isa = PBXVariantGroup;
			children = (
				64D1A3221CDA94AD008A7FB2 /* Base */,
			);
			name = Main.storyboard;
			sourceTree = "<group>";
		};
		64D1A3261CDA94AD008A7FB2 /* LaunchScreen.storyboard */ = {
			isa = PBXVariantGroup;
			children = (
				64D1A3271CDA94AD008A7FB2 /* Base */,
			);
			name = LaunchScreen.storyboard;
			sourceTree = "<group>";
		};
/* End PBXVariantGroup section */

/* Begin XCBuildConfiguration section */
		64D1A3401CDA94AD008A7FB2 /* Debug */ = {
			isa = XCBuildConfiguration;
			buildSettings = {
				ALWAYS_SEARCH_USER_PATHS = NO;
				CLANG_ANALYZER_NONNULL = YES;
				CLANG_CXX_LANGUAGE_STANDARD = "gnu++0x";
				CLANG_CXX_LIBRARY = "libc++";
				CLANG_ENABLE_MODULES = YES;
				CLANG_ENABLE_OBJC_ARC = YES;
				CLANG_WARN_BOOL_CONVERSION = YES;
				CLANG_WARN_CONSTANT_CONVERSION = YES;
				CLANG_WARN_DIRECT_OBJC_ISA_USAGE = YES_ERROR;
				CLANG_WARN_EMPTY_BODY = YES;
				CLANG_WARN_ENUM_CONVERSION = YES;
				CLANG_WARN_INT_CONVERSION = YES;
				CLANG_WARN_OBJC_ROOT_CLASS = YES_ERROR;
				CLANG_WARN_UNREACHABLE_CODE = YES;
				CLANG_WARN__DUPLICATE_METHOD_MATCH = YES;
				"CODE_SIGN_IDENTITY[sdk=iphoneos*]" = "iPhone Developer";
				COPY_PHASE_STRIP = NO;
				DEBUG_INFORMATION_FORMAT = dwarf;
				ENABLE_STRICT_OBJC_MSGSEND = YES;
				ENABLE_TESTABILITY = YES;
				GCC_C_LANGUAGE_STANDARD = gnu99;
				GCC_DYNAMIC_NO_PIC = NO;
				GCC_NO_COMMON_BLOCKS = YES;
				GCC_OPTIMIZATION_LEVEL = 0;
				GCC_PREPROCESSOR_DEFINITIONS = (
					"DEBUG=1",
					"$(inherited)",
				);
				GCC_WARN_64_TO_32_BIT_CONVERSION = YES;
				GCC_WARN_ABOUT_RETURN_TYPE = YES_ERROR;
				GCC_WARN_UNDECLARED_SELECTOR = YES;
				GCC_WARN_UNINITIALIZED_AUTOS = YES_AGGRESSIVE;
				GCC_WARN_UNUSED_FUNCTION = YES;
				GCC_WARN_UNUSED_VARIABLE = YES;
				IPHONEOS_DEPLOYMENT_TARGET = 9.3;
				MTL_ENABLE_DEBUG_INFO = YES;
				ONLY_ACTIVE_ARCH = YES;
				SDKROOT = iphoneos;
				SWIFT_OPTIMIZATION_LEVEL = "-Onone";
				TARGETED_DEVICE_FAMILY = "1,2";
			};
			name = Debug;
		};
		64D1A3411CDA94AD008A7FB2 /* Release */ = {
			isa = XCBuildConfiguration;
			buildSettings = {
				ALWAYS_SEARCH_USER_PATHS = NO;
				CLANG_ANALYZER_NONNULL = YES;
				CLANG_CXX_LANGUAGE_STANDARD = "gnu++0x";
				CLANG_CXX_LIBRARY = "libc++";
				CLANG_ENABLE_MODULES = YES;
				CLANG_ENABLE_OBJC_ARC = YES;
				CLANG_WARN_BOOL_CONVERSION = YES;
				CLANG_WARN_CONSTANT_CONVERSION = YES;
				CLANG_WARN_DIRECT_OBJC_ISA_USAGE = YES_ERROR;
				CLANG_WARN_EMPTY_BODY = YES;
				CLANG_WARN_ENUM_CONVERSION = YES;
				CLANG_WARN_INT_CONVERSION = YES;
				CLANG_WARN_OBJC_ROOT_CLASS = YES_ERROR;
				CLANG_WARN_UNREACHABLE_CODE = YES;
				CLANG_WARN__DUPLICATE_METHOD_MATCH = YES;
				"CODE_SIGN_IDENTITY[sdk=iphoneos*]" = "iPhone Developer";
				COPY_PHASE_STRIP = NO;
				DEBUG_INFORMATION_FORMAT = "dwarf-with-dsym";
				ENABLE_NS_ASSERTIONS = NO;
				ENABLE_STRICT_OBJC_MSGSEND = YES;
				GCC_C_LANGUAGE_STANDARD = gnu99;
				GCC_NO_COMMON_BLOCKS = YES;
				GCC_WARN_64_TO_32_BIT_CONVERSION = YES;
				GCC_WARN_ABOUT_RETURN_TYPE = YES_ERROR;
				GCC_WARN_UNDECLARED_SELECTOR = YES;
				GCC_WARN_UNINITIALIZED_AUTOS = YES_AGGRESSIVE;
				GCC_WARN_UNUSED_FUNCTION = YES;
				GCC_WARN_UNUSED_VARIABLE = YES;
				IPHONEOS_DEPLOYMENT_TARGET = 9.3;
				MTL_ENABLE_DEBUG_INFO = NO;
				SDKROOT = iphoneos;
				TARGETED_DEVICE_FAMILY = "1,2";
				VALIDATE_PRODUCT = YES;
			};
			name = Release;
		};
		64D1A3431CDA94AD008A7FB2 /* Debug */ = {
			isa = XCBuildConfiguration;
			buildSettings = {
				ASSETCATALOG_COMPILER_APPICON_NAME = AppIcon;
				INFOPLIST_FILE = SimpleWeather/Info.plist;
				IPHONEOS_DEPLOYMENT_TARGET = 9.1;
				LD_RUNPATH_SEARCH_PATHS = "$(inherited) @executable_path/Frameworks";
				PRODUCT_BUNDLE_IDENTIFIER = SV.SimpleWeather;
				PRODUCT_NAME = "$(TARGET_NAME)";
			};
			name = Debug;
		};
		64D1A3441CDA94AD008A7FB2 /* Release */ = {
			isa = XCBuildConfiguration;
			buildSettings = {
				ASSETCATALOG_COMPILER_APPICON_NAME = AppIcon;
				INFOPLIST_FILE = SimpleWeather/Info.plist;
				IPHONEOS_DEPLOYMENT_TARGET = 9.1;
				LD_RUNPATH_SEARCH_PATHS = "$(inherited) @executable_path/Frameworks";
				PRODUCT_BUNDLE_IDENTIFIER = SV.SimpleWeather;
				PRODUCT_NAME = "$(TARGET_NAME)";
			};
			name = Release;
		};
		64D1A3461CDA94AD008A7FB2 /* Debug */ = {
			isa = XCBuildConfiguration;
			buildSettings = {
				BUNDLE_LOADER = "$(TEST_HOST)";
				INFOPLIST_FILE = SimpleWeatherTests/Info.plist;
				LD_RUNPATH_SEARCH_PATHS = "$(inherited) @executable_path/Frameworks @loader_path/Frameworks";
				PRODUCT_BUNDLE_IDENTIFIER = SV.SimpleWeatherTests;
				PRODUCT_NAME = "$(TARGET_NAME)";
				TEST_HOST = "$(BUILT_PRODUCTS_DIR)/SimpleWeather.app/SimpleWeather";
			};
			name = Debug;
		};
		64D1A3471CDA94AD008A7FB2 /* Release */ = {
			isa = XCBuildConfiguration;
			buildSettings = {
				BUNDLE_LOADER = "$(TEST_HOST)";
				INFOPLIST_FILE = SimpleWeatherTests/Info.plist;
				LD_RUNPATH_SEARCH_PATHS = "$(inherited) @executable_path/Frameworks @loader_path/Frameworks";
				PRODUCT_BUNDLE_IDENTIFIER = SV.SimpleWeatherTests;
				PRODUCT_NAME = "$(TARGET_NAME)";
				TEST_HOST = "$(BUILT_PRODUCTS_DIR)/SimpleWeather.app/SimpleWeather";
			};
			name = Release;
		};
		64D1A3491CDA94AD008A7FB2 /* Debug */ = {
			isa = XCBuildConfiguration;
			buildSettings = {
				INFOPLIST_FILE = SimpleWeatherUITests/Info.plist;
				LD_RUNPATH_SEARCH_PATHS = "$(inherited) @executable_path/Frameworks @loader_path/Frameworks";
				PRODUCT_BUNDLE_IDENTIFIER = SV.SimpleWeatherUITests;
				PRODUCT_NAME = "$(TARGET_NAME)";
				TEST_TARGET_NAME = SimpleWeather;
			};
			name = Debug;
		};
		64D1A34A1CDA94AD008A7FB2 /* Release */ = {
			isa = XCBuildConfiguration;
			buildSettings = {
				INFOPLIST_FILE = SimpleWeatherUITests/Info.plist;
				LD_RUNPATH_SEARCH_PATHS = "$(inherited) @executable_path/Frameworks @loader_path/Frameworks";
				PRODUCT_BUNDLE_IDENTIFIER = SV.SimpleWeatherUITests;
				PRODUCT_NAME = "$(TARGET_NAME)";
				TEST_TARGET_NAME = SimpleWeather;
			};
			name = Release;
		};
/* End XCBuildConfiguration section */

/* Begin XCConfigurationList section */
		64D1A3151CDA94AD008A7FB2 /* Build configuration list for PBXProject "SimpleWeather" */ = {
			isa = XCConfigurationList;
			buildConfigurations = (
				64D1A3401CDA94AD008A7FB2 /* Debug */,
				64D1A3411CDA94AD008A7FB2 /* Release */,
			);
			defaultConfigurationIsVisible = 0;
			defaultConfigurationName = Release;
		};
		64D1A3421CDA94AD008A7FB2 /* Build configuration list for PBXNativeTarget "SimpleWeather" */ = {
			isa = XCConfigurationList;
			buildConfigurations = (
				64D1A3431CDA94AD008A7FB2 /* Debug */,
				64D1A3441CDA94AD008A7FB2 /* Release */,
			);
			defaultConfigurationIsVisible = 0;
			defaultConfigurationName = Release;
		};
		64D1A3451CDA94AD008A7FB2 /* Build configuration list for PBXNativeTarget "SimpleWeatherTests" */ = {
			isa = XCConfigurationList;
			buildConfigurations = (
				64D1A3461CDA94AD008A7FB2 /* Debug */,
				64D1A3471CDA94AD008A7FB2 /* Release */,
			);
			defaultConfigurationIsVisible = 0;
			defaultConfigurationName = Release;
		};
		64D1A3481CDA94AD008A7FB2 /* Build configuration list for PBXNativeTarget "SimpleWeatherUITests" */ = {
			isa = XCConfigurationList;
			buildConfigurations = (
				64D1A3491CDA94AD008A7FB2 /* Debug */,
				64D1A34A1CDA94AD008A7FB2 /* Release */,
			);
			defaultConfigurationIsVisible = 0;
			defaultConfigurationName = Release;
		};
/* End XCConfigurationList section */
	};
	rootObject = 64D1A3121CDA94AD008A7FB2 /* Project object */;
}
